{
  "name": "mineflayer-auto-auth",
  "version": "0.1.1",
  "lockfileVersion": 1,
  "requires": true,
  "dependencies": {
    "ajv": {
      "version": "4.11.8",
      "resolved": "https://registry.npmjs.org/ajv/-/ajv-4.11.8.tgz",
      "integrity": "sha1-gv+wKynmYq5TvcIK8VlHcGc5xTY=",
      "dev": true,
      "requires": {
        "co": "^4.6.0",
        "json-stable-stringify": "^1.0.1"
      }
    },
    "asn1": {
      "version": "0.2.3",
      "resolved": "https://registry.npmjs.org/asn1/-/asn1-0.2.3.tgz",
      "integrity": "sha1-2sh4dxPJlmhJ/IGAd36+nB3fO4Y=",
      "dev": true
    },
    "assert-plus": {
      "version": "0.1.5",
      "resolved": "https://registry.npmjs.org/assert-plus/-/assert-plus-0.1.5.tgz",
      "integrity": "sha1-7nQAlBMALYTOxyGcasgRgS5yMWA=",
      "dev": true,
      "optional": true
    },
    "async": {
      "version": "0.9.2",
      "resolved": "https://registry.npmjs.org/async/-/async-0.9.2.tgz",
      "integrity": "sha1-rqdNXmHB+JlhO/ZL2mbUx48v0X0=",
      "dev": true,
      "optional": true
    },
    "aws-sign2": {
      "version": "0.5.0",
      "resolved": "https://registry.npmjs.org/aws-sign2/-/aws-sign2-0.5.0.tgz",
      "integrity": "sha1-xXED96F/wDfwLXwuZLYC6iI/fWM=",
      "dev": true,
      "optional": true
    },
    "babel-runtime": {
      "version": "5.8.38",
      "resolved": "https://registry.npmjs.org/babel-runtime/-/babel-runtime-5.8.38.tgz",
      "integrity": "sha1-HAsC62MxL18If/IEUIJ7QlydTBk=",
      "dev": true,
      "requires": {
        "core-js": "^1.0.0"
      }
    },
    "better-assert": {
      "version": "0.1.0",
      "resolved": "https://registry.npmjs.org/better-assert/-/better-assert-0.1.0.tgz",
      "integrity": "sha1-M7Ty8KQzb/inNEggUWAwkVJrop4=",
      "dev": true,
      "requires": {
        "callsite": "*"
      }
    },
    "bindings": {
      "version": "1.3.0",
      "resolved": "https://registry.npmjs.org/bindings/-/bindings-1.3.0.tgz",
      "integrity": "sha512-DpLh5EzMR2kzvX1KIlVC0VkC3iZtHKTgdtZ0a3pglBZdaQFjt5S9g9xd1lE+YvXyfd6mtCeRnrUfOLYiTMlNSw==",
      "dev": true,
      "optional": true
    },
    "boom": {
      "version": "0.4.2",
      "resolved": "https://registry.npmjs.org/boom/-/boom-0.4.2.tgz",
      "integrity": "sha1-emNune1O/O+xnO9JR6PGffrukRs=",
      "dev": true,
      "requires": {
        "hoek": "0.9.x"
      }
    },
    "buffer-equal": {
      "version": "0.0.1",
      "resolved": "https://registry.npmjs.org/buffer-equal/-/buffer-equal-0.0.1.tgz",
      "integrity": "sha1-kbx0sR6kBbyRa8aqkI+q+ltKrEs=",
      "dev": true
    },
    "callsite": {
      "version": "1.0.0",
      "resolved": "https://registry.npmjs.org/callsite/-/callsite-1.0.0.tgz",
      "integrity": "sha1-KAOY5dZkvXQDi28JBRU+borxvCA=",
      "dev": true
    },
    "co": {
      "version": "4.6.0",
      "resolved": "https://registry.npmjs.org/co/-/co-4.6.0.tgz",
      "integrity": "sha1-bqa989hTrlTMuOR7+gvz+QMfsYQ=",
      "dev": true
    },
    "combined-stream": {
      "version": "0.0.7",
      "resolved": "https://registry.npmjs.org/combined-stream/-/combined-stream-0.0.7.tgz",
      "integrity": "sha1-ATfmV7qlp1QcV6w3rF/AfXO03B8=",
      "dev": true,
      "optional": true,
      "requires": {
        "delayed-stream": "0.0.5"
      }
    },
    "commander": {
      "version": "2.3.0",
      "resolved": "https://registry.npmjs.org/commander/-/commander-2.3.0.tgz",
      "integrity": "sha1-/UMOiJgy7DU7ms0d4hfBHLPu+HM=",
      "dev": true
    },
    "cookiejar": {
      "version": "1.3.0",
      "resolved": "https://registry.npmjs.org/cookiejar/-/cookiejar-1.3.0.tgz",
      "integrity": "sha1-3QCzVnkCHpnL1OhVua0EGRNHR2U=",
      "dev": true
    },
    "core-js": {
      "version": "1.2.7",
      "resolved": "https://registry.npmjs.org/core-js/-/core-js-1.2.7.tgz",
      "integrity": "sha1-ZSKUwUZR2yj6k70tX/KYOk8IxjY=",
      "dev": true
    },
    "core-util-is": {
      "version": "1.0.2",
      "resolved": "https://registry.npmjs.org/core-util-is/-/core-util-is-1.0.2.tgz",
      "integrity": "sha1-tf1UIgqivFq1eqtxQMlAdUUDwac=",
      "dev": true
    },
    "cryptiles": {
      "version": "0.2.2",
      "resolved": "https://registry.npmjs.org/cryptiles/-/cryptiles-0.2.2.tgz",
      "integrity": "sha1-7ZH/HxetE9N0gohZT4pIoNJvMlw=",
      "dev": true,
      "optional": true,
      "requires": {
        "boom": "0.4.x"
      }
    },
    "ctype": {
      "version": "0.5.3",
      "resolved": "https://registry.npmjs.org/ctype/-/ctype-0.5.3.tgz",
      "integrity": "sha1-gsGMJGH3QRTvFsE1IkrQuRRMoS8=",
      "dev": true,
      "optional": true
    },
    "debug": {
      "version": "3.1.0",
      "resolved": "https://registry.npmjs.org/debug/-/debug-3.1.0.tgz",
      "integrity": "sha512-OX8XqP7/1a9cqkxYw2yXss15f26NKWBpDXQd0/uK/KPqdQhxbPa994hnzjcE2VqQpDslf55723cKPUOGSmMY3g==",
      "dev": true,
      "requires": {
        "ms": "2.0.0"
      }
    },
    "delayed-stream": {
      "version": "0.0.5",
      "resolved": "https://registry.npmjs.org/delayed-stream/-/delayed-stream-0.0.5.tgz",
      "integrity": "sha1-1LH0OpPoKW3+AmlPRoC8N6MTxz8=",
      "dev": true,
      "optional": true
    },
    "diff": {
      "version": "1.4.0",
      "resolved": "https://registry.npmjs.org/diff/-/diff-1.4.0.tgz",
      "integrity": "sha1-fyjS657nsVqX79ic5j3P2qPMur8=",
      "dev": true
    },
    "emitter-component": {
      "version": "0.0.6",
      "resolved": "https://registry.npmjs.org/emitter-component/-/emitter-component-0.0.6.tgz",
      "integrity": "sha1-wVXYL20MAbW+6FbVgHSkzFl5W8o=",
      "dev": true
    },
    "endian-toggle": {
      "version": "0.0.0",
      "resolved": "https://registry.npmjs.org/endian-toggle/-/endian-toggle-0.0.0.tgz",
      "integrity": "sha1-5cx1eLEDLW7gHq/Nc3ZdsNtNwKY=",
      "dev": true
    },
    "escape-string-regexp": {
      "version": "1.0.2",
      "resolved": "https://registry.npmjs.org/escape-string-regexp/-/escape-string-regexp-1.0.2.tgz",
      "integrity": "sha1-Tbwv5nTnGUnK8/smlc5/LcHZqNE=",
      "dev": true
    },
    "forever-agent": {
      "version": "0.5.2",
      "resolved": "https://registry.npmjs.org/forever-agent/-/forever-agent-0.5.2.tgz",
      "integrity": "sha1-bQ4JxJIflKJ/Y9O0nF/v8epMUTA=",
      "dev": true
    },
    "form-data": {
      "version": "0.1.4",
      "resolved": "https://registry.npmjs.org/form-data/-/form-data-0.1.4.tgz",
      "integrity": "sha1-kavXiKupcCsaq/qLwBAxoqyeOxI=",
      "dev": true,
      "optional": true,
      "requires": {
        "async": "~0.9.0",
        "combined-stream": "~0.0.4",
        "mime": "~1.2.11"
      },
      "dependencies": {
        "mime": {
          "version": "1.2.11",
          "resolved": "https://registry.npmjs.org/mime/-/mime-1.2.11.tgz",
          "integrity": "sha1-WCA+7Ybjpe8XrtK32evUfwpg3RA=",
          "dev": true,
          "optional": true
        }
      }
    },
    "formidable": {
      "version": "1.0.9",
      "resolved": "https://registry.npmjs.org/formidable/-/formidable-1.0.9.tgz",
      "integrity": "sha1-QZ47zOrT6IdNU59bPnKkxQOzGpg=",
      "dev": true
    },
    "glob": {
      "version": "3.2.11",
      "resolved": "https://registry.npmjs.org/glob/-/glob-3.2.11.tgz",
      "integrity": "sha1-Spc/Y1uRkPcV0QmH1cAP0oFevj0=",
      "dev": true,
      "requires": {
        "inherits": "2",
        "minimatch": "0.3"
      }
    },
    "growl": {
      "version": "1.9.2",
      "resolved": "https://registry.npmjs.org/growl/-/growl-1.9.2.tgz",
      "integrity": "sha1-Dqd0NxXbjY3ixe3hd14bRayFwC8=",
      "dev": true
    },
    "hawk": {
      "version": "1.0.0",
      "resolved": "https://registry.npmjs.org/hawk/-/hawk-1.0.0.tgz",
      "integrity": "sha1-uQuxaYByhUEdp//LjdJZhQLTtS0=",
      "dev": true,
      "optional": true,
      "requires": {
        "boom": "0.4.x",
        "cryptiles": "0.2.x",
        "hoek": "0.9.x",
        "sntp": "0.2.x"
      }
    },
    "hoek": {
      "version": "0.9.1",
      "resolved": "https://registry.npmjs.org/hoek/-/hoek-0.9.1.tgz",
      "integrity": "sha1-PTIkYrrfB3Fup+uFuviAec3c5QU=",
      "dev": true
    },
    "http-signature": {
      "version": "0.10.1",
      "resolved": "https://registry.npmjs.org/http-signature/-/http-signature-0.10.1.tgz",
      "integrity": "sha1-T72sEyVZqoMjEh5UB3nAoBKyfmY=",
      "dev": true,
      "optional": true,
      "requires": {
        "asn1": "0.1.11",
        "assert-plus": "^0.1.5",
        "ctype": "0.5.3"
      },
      "dependencies": {
        "asn1": {
          "version": "0.1.11",
          "resolved": "https://registry.npmjs.org/asn1/-/asn1-0.1.11.tgz",
          "integrity": "sha1-VZvhg3bQik7E2+gId9J4GGObLfc=",
          "dev": true,
          "optional": true
        }
      }
    },
    "inherits": {
      "version": "2.0.3",
      "resolved": "https://registry.npmjs.org/inherits/-/inherits-2.0.3.tgz",
      "integrity": "sha1-Yzwsg+PaQqUC9SRmAiSA9CCCYd4=",
      "dev": true
    },
    "isarray": {
      "version": "0.0.1",
      "resolved": "https://registry.npmjs.org/isarray/-/isarray-0.0.1.tgz",
      "integrity": "sha1-ihis/Kmo9Bd+Cav8YDiTmwXR7t8=",
      "dev": true
    },
    "jade": {
      "version": "0.26.3",
      "resolved": "https://registry.npmjs.org/jade/-/jade-0.26.3.tgz",
      "integrity": "sha1-jxDXl32NefL2/4YqgbBRPMslaGw=",
      "dev": true,
      "requires": {
        "commander": "0.6.1",
        "mkdirp": "0.3.0"
      },
      "dependencies": {
        "commander": {
          "version": "0.6.1",
          "resolved": "https://registry.npmjs.org/commander/-/commander-0.6.1.tgz",
          "integrity": "sha1-+mihT2qUXVTbvlDYzbMyDp47GgY=",
          "dev": true
        },
        "mkdirp": {
          "version": "0.3.0",
          "resolved": "https://registry.npmjs.org/mkdirp/-/mkdirp-0.3.0.tgz",
          "integrity": "sha1-G79asbqCevI1dRQ0kEJkVfSB/h4=",
          "dev": true
        }
      }
    },
    "json-stable-stringify": {
      "version": "1.0.1",
      "resolved": "https://registry.npmjs.org/json-stable-stringify/-/json-stable-stringify-1.0.1.tgz",
      "integrity": "sha1-mnWdOcXy/1A/1TAGRu1EX4jE+a8=",
      "dev": true,
      "requires": {
        "jsonify": "~0.0.0"
      }
    },
    "json-stringify-safe": {
      "version": "5.0.1",
      "resolved": "https://registry.npmjs.org/json-stringify-safe/-/json-stringify-safe-5.0.1.tgz",
      "integrity": "sha1-Epai1Y/UXxmg9s4B1lcB4sc1tus=",
      "dev": true
    },
    "jsonify": {
      "version": "0.0.0",
      "resolved": "https://registry.npmjs.org/jsonify/-/jsonify-0.0.0.tgz",
      "integrity": "sha1-LHS27kHZPKUbe1qu6PUDYx0lKnM=",
      "dev": true
    },
    "lodash": {
      "version": "3.3.0",
      "resolved": "https://registry.npmjs.org/lodash/-/lodash-3.3.0.tgz",
      "integrity": "sha1-ARzlLQGxTmDq7qdqy5uLpCxwWBs=",
      "dev": true
    },
    "lodash._basecallback": {
      "version": "3.3.1",
      "resolved": "https://registry.npmjs.org/lodash._basecallback/-/lodash._basecallback-3.3.1.tgz",
      "integrity": "sha1-t7K7Q9whYEJKIczybFfkQ3cqjic=",
      "dev": true,
      "requires": {
        "lodash._baseisequal": "^3.0.0",
        "lodash._bindcallback": "^3.0.0",
        "lodash.isarray": "^3.0.0",
        "lodash.pairs": "^3.0.0"
      }
    },
    "lodash._baseeach": {
      "version": "3.0.4",
      "resolved": "https://registry.npmjs.org/lodash._baseeach/-/lodash._baseeach-3.0.4.tgz",
      "integrity": "sha1-z4cGVyyhROjZ11InyZDamC+TKvM=",
      "dev": true,
      "requires": {
        "lodash.keys": "^3.0.0"
      }
    },
    "lodash._baseisequal": {
      "version": "3.0.7",
      "resolved": "https://registry.npmjs.org/lodash._baseisequal/-/lodash._baseisequal-3.0.7.tgz",
      "integrity": "sha1-2AJfdjOdKTQnZ9zIh85cuVpbUfE=",
      "dev": true,
      "requires": {
        "lodash.isarray": "^3.0.0",
        "lodash.istypedarray": "^3.0.0",
        "lodash.keys": "^3.0.0"
      }
    },
    "lodash._basereduce": {
      "version": "3.0.2",
      "resolved": "https://registry.npmjs.org/lodash._basereduce/-/lodash._basereduce-3.0.2.tgz",
      "integrity": "sha1-E/uY+94WIIOgyWfwYFwyrPuycLI=",
      "dev": true
    },
    "lodash._bindcallback": {
      "version": "3.0.1",
      "resolved": "https://registry.npmjs.org/lodash._bindcallback/-/lodash._bindcallback-3.0.1.tgz",
      "integrity": "sha1-5THCdkTPi1epnhftlbNcdIeJOS4=",
      "dev": true
    },
    "lodash._getnative": {
      "version": "3.9.1",
      "resolved": "https://registry.npmjs.org/lodash._getnative/-/lodash._getnative-3.9.1.tgz",
      "integrity": "sha1-VwvH3t5G1hzc3mh9ZdPuy6o6r/U=",
      "dev": true
    },
    "lodash.get": {
      "version": "4.4.2",
      "resolved": "https://registry.npmjs.org/lodash.get/-/lodash.get-4.4.2.tgz",
      "integrity": "sha1-LRd/ZS+jHpObRDjVNBSZ36OCXpk=",
      "dev": true
    },
    "lodash.isarguments": {
      "version": "3.1.0",
      "resolved": "https://registry.npmjs.org/lodash.isarguments/-/lodash.isarguments-3.1.0.tgz",
      "integrity": "sha1-L1c9hcaiQon/AGY7SRwdM4/zRYo=",
      "dev": true
    },
    "lodash.isarray": {
      "version": "3.0.4",
      "resolved": "https://registry.npmjs.org/lodash.isarray/-/lodash.isarray-3.0.4.tgz",
      "integrity": "sha1-eeTriMNqgSKvhvhEqpvNhRtfu1U=",
      "dev": true
    },
    "lodash.istypedarray": {
      "version": "3.0.6",
      "resolved": "https://registry.npmjs.org/lodash.istypedarray/-/lodash.istypedarray-3.0.6.tgz",
      "integrity": "sha1-yaR3SYYHUB2OhJTSg7h8OSgc72I=",
      "dev": true
    },
    "lodash.keys": {
      "version": "3.1.2",
      "resolved": "https://registry.npmjs.org/lodash.keys/-/lodash.keys-3.1.2.tgz",
      "integrity": "sha1-TbwEcrFWvlCgsoaFXRvQsMZWCYo=",
      "dev": true,
      "requires": {
        "lodash._getnative": "^3.0.0",
        "lodash.isarguments": "^3.0.0",
        "lodash.isarray": "^3.0.0"
      }
    },
    "lodash.merge": {
      "version": "4.6.1",
      "resolved": "https://registry.npmjs.org/lodash.merge/-/lodash.merge-4.6.1.tgz",
      "integrity": "sha512-AOYza4+Hf5z1/0Hztxpm2/xiPZgi/cjMqdnKTUWTBSKchJlxXXuUSxCCl8rJlf4g6yww/j6mA8nC8Hw/EZWxKQ==",
      "dev": true
    },
    "lodash.pairs": {
      "version": "3.0.1",
      "resolved": "https://registry.npmjs.org/lodash.pairs/-/lodash.pairs-3.0.1.tgz",
      "integrity": "sha1-u+CNV4bu6qCaFckevw3LfSvjJqk=",
      "dev": true,
      "requires": {
        "lodash.keys": "^3.0.0"
      }
    },
    "lodash.reduce": {
      "version": "3.1.2",
      "resolved": "https://registry.npmjs.org/lodash.reduce/-/lodash.reduce-3.1.2.tgz",
      "integrity": "sha1-KvPixoig2TnYbqcXFOjNU84yewI=",
      "dev": true,
      "requires": {
        "lodash._basecallback": "^3.0.0",
        "lodash._baseeach": "^3.0.0",
        "lodash._basereduce": "^3.0.0",
        "lodash.isarray": "^3.0.0",
        "lodash.keys": "^3.0.0"
      }
    },
    "lru-cache": {
      "version": "2.7.3",
      "resolved": "https://registry.npmjs.org/lru-cache/-/lru-cache-2.7.3.tgz",
      "integrity": "sha1-bUUk6LlV+V1PW1iFHOId1y+06VI=",
      "dev": true
    },
    "macaddress": {
      "version": "0.2.8",
      "resolved": "https://registry.npmjs.org/macaddress/-/macaddress-0.2.8.tgz",
      "integrity": "sha1-WQTcU3w57G2+/q6QIycTX6hRHxI=",
      "dev": true
    },
    "methods": {
      "version": "0.0.1",
      "resolved": "https://registry.npmjs.org/methods/-/methods-0.0.1.tgz",
      "integrity": "sha1-J3yQ+L7zlwlkWoNxxRw7bGSOBow=",
      "dev": true
    },
    "mime": {
      "version": "1.2.5",
      "resolved": "https://registry.npmjs.org/mime/-/mime-1.2.5.tgz",
      "integrity": "sha1-nu0HMCKov14WyFZsaGe4gyv7+hM=",
      "dev": true
    },
    "minecraft-data": {
      "version": "0.16.3",
      "resolved": "https://registry.npmjs.org/minecraft-data/-/minecraft-data-0.16.3.tgz",
      "integrity": "sha1-D99uoPjpT8payPR7OENqaMyfNcI=",
      "dev": true
    },
    "minecraft-protocol": {
      "version": "0.16.6",
      "resolved": "https://registry.npmjs.org/minecraft-protocol/-/minecraft-protocol-0.16.6.tgz",
      "integrity": "sha1-kipi+qtZVnnfDw+xdt9PqdhBWHc=",
      "dev": true,
      "requires": {
        "babel-runtime": "^5.4.4",
        "buffer-equal": "0.0.1",
        "lodash.reduce": "^3.1.2",
        "minecraft-data": "^0.16.1",
        "node-uuid": "~1.4.1",
        "prismarine-nbt": "0.1.0",
        "protodef": "0.2.5",
        "readable-stream": "^1.1.0",
        "superagent": "~0.10.0",
        "ursa": "~0.9.1",
        "ursa-purejs": "0.0.3",
        "uuid": "^2.0.1",
        "uuid-1345": "^0.99.6",
        "yggdrasil": "0.1.0"
      }
    },
    "mineflayer": {
      "version": "1.8.0",
      "resolved": "https://registry.npmjs.org/mineflayer/-/mineflayer-1.8.0.tgz",
      "integrity": "sha1-ElDhwBivbDY7IjXq8hQgc9G6BE0=",
      "dev": true,
      "requires": {
        "minecraft-data": "^2.0.0",
        "minecraft-protocol": "^1.1.0",
        "mojangson": "^0.2.1",
        "prismarine-biome": "^1.0.1",
        "prismarine-block": "^1.0.1",
        "prismarine-entity": "^0.2.0",
        "prismarine-item": "^1.0.1",
        "prismarine-recipe": "^1.0.1",
        "prismarine-windows": "^1.1.0",
        "protodef": "^1.1.2",
        "vec3": "^0.1.3"
      },
      "dependencies": {
        "buffer-equal": {
          "version": "1.0.0",
          "resolved": "https://registry.npmjs.org/buffer-equal/-/buffer-equal-1.0.0.tgz",
          "integrity": "sha1-WWFrSYME1Var1GaWayLu2j7KX74=",
          "dev": true
        },
        "isarray": {
          "version": "1.0.0",
          "resolved": "https://registry.npmjs.org/isarray/-/isarray-1.0.0.tgz",
          "integrity": "sha1-u5NdSFgsuhaMBoNJV6VKPgcSTxE=",
          "dev": true
        },
        "lodash.reduce": {
          "version": "4.6.0",
          "resolved": "https://registry.npmjs.org/lodash.reduce/-/lodash.reduce-4.6.0.tgz",
          "integrity": "sha1-8atrg5KZrUj3hKu/R2WW8DuRTTs=",
          "dev": true
        },
        "minecraft-data": {
          "version": "2.26.0",
          "resolved": "https://registry.npmjs.org/minecraft-data/-/minecraft-data-2.26.0.tgz",
          "integrity": "sha512-d8E7F8+pm3Xt8b0JB3+3oU/XnKM3FGwmd2EAVnO4XCI6ypCfz6AXCxMStbyWMdftxZjWb+NQWKelWVTz/p5z4g==",
          "dev": true
        },
        "minecraft-protocol": {
          "version": "1.5.3",
          "resolved": "https://registry.npmjs.org/minecraft-protocol/-/minecraft-protocol-1.5.3.tgz",
          "integrity": "sha512-9cCFg7y7YiHJxqJny+8W4DqLPtS0BxrM+hw/i1V5yGs4xr46EE977nF/lHsd1/4TROdNjO9HEHYMdYLKM1jNsQ==",
          "dev": true,
          "requires": {
            "buffer-equal": "^1.0.0",
            "debug": "^3.0.0",
            "endian-toggle": "^0.0.0",
            "lodash.get": "^4.1.2",
            "lodash.merge": "^4.3.0",
            "minecraft-data": "^2.26.0",
            "node-rsa": "^0.4.2",
            "prismarine-nbt": "^1.2.0",
            "protodef": "^1.6.7",
            "readable-stream": "^2.0.5",
            "uuid-1345": "^0.99.6",
            "yggdrasil": "^1.1.1"
          }
        },
        "node-rsa": {
          "version": "0.4.2",
          "resolved": "https://registry.npmjs.org/node-rsa/-/node-rsa-0.4.2.tgz",
          "integrity": "sha1-1jkXKewWqDDtWjgEKzFX0tXXJTA=",
          "dev": true,
          "requires": {
            "asn1": "0.2.3"
          }
        },
        "prismarine-nbt": {
          "version": "1.2.0",
          "resolved": "https://registry.npmjs.org/prismarine-nbt/-/prismarine-nbt-1.2.0.tgz",
          "integrity": "sha512-/0ONt0GJidcffqnrMyjkAoo0pkelylVmNc1G3eELnL7yYczvXF+rD2EqA2T+pAQd8+aMOz/owIs50Bjop5KFrA==",
          "dev": true,
          "requires": {
            "protodef": "^1.2.1"
          }
        },
        "protodef": {
          "version": "1.6.7",
          "resolved": "https://registry.npmjs.org/protodef/-/protodef-1.6.7.tgz",
          "integrity": "sha512-u/IH2dL2jIRLrvVbqT2XJbF8wJjaVd2XbjaO5sPTtaEWQSCOoGm+810pc3ZAarXz96uZ3yEEECV/Pa7aEOfRZw==",
          "dev": true,
          "requires": {
            "lodash.get": "^4.4.2",
            "lodash.reduce": "^4.2.0",
            "protodef-validator": "^1.1.2",
            "readable-stream": "^2.0.5"
          }
        },
        "readable-stream": {
          "version": "2.3.6",
          "resolved": "https://registry.npmjs.org/readable-stream/-/readable-stream-2.3.6.tgz",
          "integrity": "sha512-tQtKA9WIAhBF3+VLAseyMqZeBjW0AHJoxOtYqSUZNJxauErmLbVm2FW1y+J/YA9dUrAC39ITejlZWhVIwawkKw==",
          "dev": true,
          "requires": {
            "core-util-is": "~1.0.0",
            "inherits": "~2.0.3",
            "isarray": "~1.0.0",
            "process-nextick-args": "~2.0.0",
            "safe-buffer": "~5.1.1",
            "string_decoder": "~1.1.1",
            "util-deprecate": "~1.0.1"
          }
        },
        "string_decoder": {
          "version": "1.1.1",
          "resolved": "https://registry.npmjs.org/string_decoder/-/string_decoder-1.1.1.tgz",
          "integrity": "sha512-n/ShnvDi6FHbbVfviro+WojiFzv+s8MPMHBczVePfUpDJLwoLT0ht1l4YwBCbi8pJAveEEdnkHyPyTP/mzRfwg==",
          "dev": true,
          "requires": {
            "safe-buffer": "~5.1.0"
          }
        },
        "uuid": {
          "version": "3.2.1",
          "resolved": "https://registry.npmjs.org/uuid/-/uuid-3.2.1.tgz",
          "integrity": "sha512-jZnMwlb9Iku/O3smGWvZhauCf6cvvpKi4BKRiliS3cxnI+Gz9j5MEpTz2UFuXiKPJocb7gnsLHwiS05ige5BEA==",
          "dev": true
        },
        "yggdrasil": {
          "version": "1.1.1",
          "resolved": "https://registry.npmjs.org/yggdrasil/-/yggdrasil-1.1.1.tgz",
          "integrity": "sha1-dbNIjfayr0kAmohX8+Xc7uDDpeQ=",
          "dev": true,
          "requires": {
            "phin": "^2.2.1",
            "uuid": "^3.1.0"
          }
        }
      }
    },
    "minimatch": {
      "version": "0.3.0",
      "resolved": "https://registry.npmjs.org/minimatch/-/minimatch-0.3.0.tgz",
      "integrity": "sha1-J12O2qxPG7MyZHIInnlJyDlGmd0=",
      "dev": true,
      "requires": {
        "lru-cache": "2",
        "sigmund": "~1.0.0"
      }
    },
    "minimist": {
      "version": "0.0.8",
      "resolved": "https://registry.npmjs.org/minimist/-/minimist-0.0.8.tgz",
      "integrity": "sha1-hX/Kv8M5fSYluCKCYuhqp6ARsF0=",
      "dev": true
    },
    "mkdirp": {
      "version": "0.5.1",
      "resolved": "https://registry.npmjs.org/mkdirp/-/mkdirp-0.5.1.tgz",
      "integrity": "sha1-MAV0OOrGz3+MR2fzhkjWaX11yQM=",
      "dev": true,
      "requires": {
        "minimist": "0.0.8"
      }
    },
    "mocha": {
      "version": "2.5.3",
      "resolved": "https://registry.npmjs.org/mocha/-/mocha-2.5.3.tgz",
      "integrity": "sha1-FhvlvetJZ3HrmzV0UFC2IrWu/Fg=",
      "dev": true,
      "requires": {
        "commander": "2.3.0",
        "debug": "2.2.0",
        "diff": "1.4.0",
        "escape-string-regexp": "1.0.2",
        "glob": "3.2.11",
        "growl": "1.9.2",
        "jade": "0.26.3",
        "mkdirp": "0.5.1",
        "supports-color": "1.2.0",
        "to-iso-string": "0.0.2"
      },
      "dependencies": {
        "debug": {
          "version": "2.2.0",
          "resolved": "https://registry.npmjs.org/debug/-/debug-2.2.0.tgz",
          "integrity": "sha1-+HBX6ZWxofauaklgZkE3vFbwOdo=",
          "dev": true,
          "requires": {
            "ms": "0.7.1"
          }
        },
        "ms": {
          "version": "0.7.1",
          "resolved": "https://registry.npmjs.org/ms/-/ms-0.7.1.tgz",
          "integrity": "sha1-nNE8A62/8ltl7/3nzoZO6VIBcJg=",
          "dev": true
        }
      }
    },
    "mojangson": {
      "version": "0.2.3",
      "resolved": "https://registry.npmjs.org/mojangson/-/mojangson-0.2.3.tgz",
      "integrity": "sha1-TQ625QUgdOUECzmX+1Hdl0SxHlQ=",
      "dev": true
    },
    "ms": {
      "version": "2.0.0",
      "resolved": "https://registry.npmjs.org/ms/-/ms-2.0.0.tgz",
      "integrity": "sha1-VgiurfwAvmwpAd9fmGF4jeDVl8g=",
      "dev": true
    },
    "nan": {
      "version": "2.10.0",
      "resolved": "https://registry.npmjs.org/nan/-/nan-2.10.0.tgz",
      "integrity": "sha512-bAdJv7fBLhWC+/Bls0Oza+mvTaNQtP+1RyhhhvD95pgUJz6XM5IzgmxOkItJ9tkoCiplvAnXI1tNmmUD/eScyA==",
      "dev": true,
      "optional": true
    },
    "node-rsa": {
      "version": "0.2.30",
      "resolved": "https://registry.npmjs.org/node-rsa/-/node-rsa-0.2.30.tgz",
      "integrity": "sha1-iRLiw7G2TM5sp4PKsa8oKzAK3uY=",
      "dev": true,
      "requires": {
        "asn1": "0.2.3",
        "lodash": "3.3.0"
      }
    },
    "node-uuid": {
      "version": "1.4.8",
      "resolved": "https://registry.npmjs.org/node-uuid/-/node-uuid-1.4.8.tgz",
      "integrity": "sha1-sEDrCSOWivq/jTL7HxfxFn/auQc=",
      "dev": true
    },
    "oauth-sign": {
      "version": "0.3.0",
      "resolved": "https://registry.npmjs.org/oauth-sign/-/oauth-sign-0.3.0.tgz",
      "integrity": "sha1-y1QPk7srIqfVlBaRoojWDo6pOG4=",
      "dev": true,
      "optional": true
    },
    "phin": {
      "version": "2.9.0",
      "resolved": "https://registry.npmjs.org/phin/-/phin-2.9.0.tgz",
      "integrity": "sha512-2az4ADCnoEsaEy00UNJSkwFbp4B4ti53AKT26/Dt8lWtw/DABhx+PWpf+wKC7KsqnJoSd9FZ5NpuGc+I8c5ZUg==",
      "dev": true
    },
    "prismarine-biome": {
      "version": "1.0.1",
      "resolved": "https://registry.npmjs.org/prismarine-biome/-/prismarine-biome-1.0.1.tgz",
      "integrity": "sha1-AuTglRwfEVCLXKy7AU67dt3dsE0=",
      "dev": true
    },
    "prismarine-block": {
      "version": "1.0.1",
      "resolved": "https://registry.npmjs.org/prismarine-block/-/prismarine-block-1.0.1.tgz",
      "integrity": "sha1-W16mFCa0zWvDkv5a2CcPv39WdeI=",
      "dev": true,
      "requires": {
        "prismarine-biome": "^1.0.0"
      }
    },
    "prismarine-entity": {
      "version": "0.2.0",
      "resolved": "https://registry.npmjs.org/prismarine-entity/-/prismarine-entity-0.2.0.tgz",
      "integrity": "sha1-vbLBr6cHjl8Kt2ETTiI7B0ks7bw=",
      "dev": true,
      "requires": {
        "vec3": "~0.1.3"
      }
    },
    "prismarine-item": {
      "version": "1.0.2",
      "resolved": "https://registry.npmjs.org/prismarine-item/-/prismarine-item-1.0.2.tgz",
      "integrity": "sha1-aCv2gQjJ7q7n7eVjkUFZ9BXpMVg=",
      "dev": true
    },
    "prismarine-nbt": {
      "version": "0.1.0",
      "resolved": "https://registry.npmjs.org/prismarine-nbt/-/prismarine-nbt-0.1.0.tgz",
      "integrity": "sha1-EkEkMxLczuuZ8MgMHGsUKfofuoY=",
      "dev": true,
      "requires": {
        "protodef": "0.2.0"
      },
      "dependencies": {
        "protodef": {
          "version": "0.2.0",
          "resolved": "https://registry.npmjs.org/protodef/-/protodef-0.2.0.tgz",
          "integrity": "sha1-Y0lqHgAfgwBOQi8B5rhGfdTL8hA=",
          "dev": true,
          "requires": {
            "babel-runtime": "^5.4.4",
            "lodash.reduce": "^3.1.2",
            "readable-stream": "^1.1.0",
            "yargs": "^1.3.1"
          }
        }
      }
    },
    "prismarine-recipe": {
      "version": "1.0.1",
      "resolved": "https://registry.npmjs.org/prismarine-recipe/-/prismarine-recipe-1.0.1.tgz",
      "integrity": "sha1-paMnlrMyyQ7B240UwAgRRVQ9Bz4=",
      "dev": true
    },
    "prismarine-windows": {
      "version": "1.1.0",
      "resolved": "https://registry.npmjs.org/prismarine-windows/-/prismarine-windows-1.1.0.tgz",
      "integrity": "sha1-XieSbUEoZh7E/Xo1OKAkFK9GNs8=",
      "dev": true,
      "requires": {
        "prismarine-item": "^1.0.1"
      }
    },
    "process-nextick-args": {
      "version": "2.0.0",
      "resolved": "https://registry.npmjs.org/process-nextick-args/-/process-nextick-args-2.0.0.tgz",
      "integrity": "sha512-MtEC1TqN0EU5nephaJ4rAtThHtC86dNN9qCuEhtshvpVBkAW5ZO7BASN9REnF9eoXGcRub+pFuKEpOHE+HbEMw==",
      "dev": true
    },
    "protodef": {
      "version": "0.2.5",
      "resolved": "https://registry.npmjs.org/protodef/-/protodef-0.2.5.tgz",
      "integrity": "sha1-pY7ZgzzXZxD5ZpGp/PVMw0yzC6k=",
      "dev": true,
      "requires": {
        "babel-runtime": "^5.4.4",
        "lodash.reduce": "^3.1.2",
        "readable-stream": "^1.1.0",
        "yargs": "^1.3.1"
      }
    },
    "protodef-validator": {
      "version": "1.2.0",
      "resolved": "https://registry.npmjs.org/protodef-validator/-/protodef-validator-1.2.0.tgz",
      "integrity": "sha512-TcRqCiTnhCzGnrLiqDvtozKC03a1u59pnFUwBuAJKYAaQNj18e9RZLTQGZPDUGQZV+auA3fracl/YB4FNMvX9A==",
      "dev": true,
      "requires": {
        "ajv": "^4.11.2"
      }
    },
    "psl": {
      "version": "1.1.27",
      "resolved": "https://registry.npmjs.org/psl/-/psl-1.1.27.tgz",
      "integrity": "sha512-J8tJX5tAeEp9tQTI2w2aMZ6V1INuU4JmNaNPRuHAqjjVq3ZJ+jV3+tcT3ncgTnBxvwJy740IB/WZrxFus2VdMA==",
      "dev": true,
      "optional": true
    },
    "punycode": {
      "version": "1.4.1",
      "resolved": "https://registry.npmjs.org/punycode/-/punycode-1.4.1.tgz",
      "integrity": "sha1-wNWmOycYgArY4esPpSachN1BhF4=",
      "dev": true,
      "optional": true
    },
    "qs": {
      "version": "0.5.2",
      "resolved": "https://registry.npmjs.org/qs/-/qs-0.5.2.tgz",
      "integrity": "sha1-5XNKy3AJ+5GOgA/VxgwvW5Sn/0M=",
      "dev": true
    },
    "readable-stream": {
      "version": "1.1.14",
      "resolved": "https://registry.npmjs.org/readable-stream/-/readable-stream-1.1.14.tgz",
      "integrity": "sha1-fPTFTvZI44EwhMY23SB54WbAgdk=",
      "dev": true,
      "requires": {
        "core-util-is": "~1.0.0",
        "inherits": "~2.0.1",
        "isarray": "0.0.1",
        "string_decoder": "~0.10.x"
      }
    },
    "request": {
      "version": "2.34.0",
      "resolved": "https://registry.npmjs.org/request/-/request-2.34.0.tgz",
      "integrity": "sha1-tdi5UmrdSi1GKfTUFxJFc5lkRa4=",
      "dev": true,
      "requires": {
        "aws-sign2": "~0.5.0",
        "forever-agent": "~0.5.0",
        "form-data": "~0.1.0",
        "hawk": "~1.0.0",
        "http-signature": "~0.10.0",
        "json-stringify-safe": "~5.0.0",
        "mime": "~1.2.9",
        "node-uuid": "~1.4.0",
        "oauth-sign": "~0.3.0",
        "qs": "~0.6.0",
        "tough-cookie": ">=0.12.0",
        "tunnel-agent": "~0.3.0"
      },
      "dependencies": {
        "mime": {
          "version": "1.2.11",
          "resolved": "https://registry.npmjs.org/mime/-/mime-1.2.11.tgz",
          "integrity": "sha1-WCA+7Ybjpe8XrtK32evUfwpg3RA=",
          "dev": true
        },
        "qs": {
          "version": "0.6.6",
          "resolved": "https://registry.npmjs.org/qs/-/qs-0.6.6.tgz",
          "integrity": "sha1-bgFQmP9RlouKPIGQAdXyyJvEsQc=",
          "dev": true
        }
      }
    },
    "safe-buffer": {
      "version": "5.1.2",
      "resolved": "https://registry.npmjs.org/safe-buffer/-/safe-buffer-5.1.2.tgz",
      "integrity": "sha512-Gd2UZBJDkXlY7GbJxfsE8/nvKkUEU1G38c1siN6QP6a9PT9MmHB8GnpscSmMJSoF8LOIrt8ud/wPtojys4G6+g==",
      "dev": true
    },
    "sigmund": {
      "version": "1.0.1",
      "resolved": "https://registry.npmjs.org/sigmund/-/sigmund-1.0.1.tgz",
      "integrity": "sha1-P/IfGYytIXX587eBhT/ZTQ0ZtZA=",
      "dev": true
    },
    "sntp": {
      "version": "0.2.4",
      "resolved": "https://registry.npmjs.org/sntp/-/sntp-0.2.4.tgz",
      "integrity": "sha1-+4hfGLDzqtGJ+CSGJTa87ux1CQA=",
      "dev": true,
      "optional": true,
      "requires": {
        "hoek": "0.9.x"
      }
    },
    "string_decoder": {
      "version": "0.10.31",
      "resolved": "https://registry.npmjs.org/string_decoder/-/string_decoder-0.10.31.tgz",
      "integrity": "sha1-YuIDvEF2bGwoyfyEMB2rHFMQ+pQ=",
      "dev": true
    },
    "superagent": {
      "version": "0.10.0",
      "resolved": "https://registry.npmjs.org/superagent/-/superagent-0.10.0.tgz",
      "integrity": "sha1-KLu2WGWd8yf20rJe8bnUm6AiAVQ=",
      "dev": true,
      "requires": {
        "better-assert": "~0.1.0",
        "cookiejar": "1.3.0",
        "emitter-component": "0.0.6",
        "formidable": "1.0.9",
        "methods": "0.0.1",
        "mime": "1.2.5",
        "qs": "0.5.2"
      }
    },
    "supports-color": {
      "version": "1.2.0",
      "resolved": "https://registry.npmjs.org/supports-color/-/supports-color-1.2.0.tgz",
      "integrity": "sha1-/x7R5hFp0Gs88tWI4YixjYhH4X4=",
      "dev": true
    },
    "to-iso-string": {
      "version": "0.0.2",
      "resolved": "https://registry.npmjs.org/to-iso-string/-/to-iso-string-0.0.2.tgz",
      "integrity": "sha1-TcGeZk38y+Jb2NtQiwDG2hWCVdE=",
      "dev": true
    },
    "tough-cookie": {
      "version": "2.4.2",
      "resolved": "https://registry.npmjs.org/tough-cookie/-/tough-cookie-2.4.2.tgz",
      "integrity": "sha512-vahm+X8lSV/KjXziec8x5Vp0OTC9mq8EVCOApIsRAooeuMPSO8aT7PFACYkaL0yZ/3hVqw+8DzhCJwl8H2Ad6w==",
      "dev": true,
      "optional": true,
      "requires": {
        "psl": "^1.1.24",
        "punycode": "^1.4.1"
      }
    },
    "tunnel-agent": {
      "version": "0.3.0",
      "resolved": "https://registry.npmjs.org/tunnel-agent/-/tunnel-agent-0.3.0.tgz",
      "integrity": "sha1-rWgbaPUyGtKCfEz7G31d8s/pQu4=",
      "dev": true,
      "optional": true
    },
    "ursa": {
      "version": "0.9.4",
      "resolved": "https://registry.npmjs.org/ursa/-/ursa-0.9.4.tgz",
      "integrity": "sha1-Ciq/t9xCZ/czsPjy/H8siV1ApBM=",
      "dev": true,
      "optional": true,
      "requires": {
        "bindings": "^1.2.1",
        "nan": "^2.3.3"
      }
    },
    "ursa-purejs": {
      "version": "0.0.3",
      "resolved": "https://registry.npmjs.org/ursa-purejs/-/ursa-purejs-0.0.3.tgz",
      "integrity": "sha1-jSWUmFjzQ7g5hKxpVpiy2R/H+kw=",
      "dev": true,
      "requires": {
        "node-rsa": "^0.2.23"
      }
    },
    "util-deprecate": {
      "version": "1.0.2",
      "resolved": "https://registry.npmjs.org/util-deprecate/-/util-deprecate-1.0.2.tgz",
      "integrity": "sha1-RQ1Nyfpw3nMnYvvS1KKJgUGaDM8=",
      "dev": true
    },
    "uuid": {
      "version": "2.0.3",
      "resolved": "https://registry.npmjs.org/uuid/-/uuid-2.0.3.tgz",
      "integrity": "sha1-Z+LoY3lyFVMN/zGOW/nc6/1Hsho=",
      "dev": true
    },
    "uuid-1345": {
      "version": "0.99.6",
      "resolved": "https://registry.npmjs.org/uuid-1345/-/uuid-1345-0.99.6.tgz",
      "integrity": "sha1-sScK4BWnchx63sbEbsFpxgmK7UA=",
      "dev": true,
      "requires": {
        "macaddress": "^0.2.7"
      }
    },
    "vec3": {
      "version": "0.1.3",
      "resolved": "https://registry.npmjs.org/vec3/-/vec3-0.1.3.tgz",
      "integrity": "sha1-9ZUuEFN9nW64VLirfO8BsvwU5a8=",
      "dev": true
    },
    "yargs": {
      "version": "1.3.3",
      "resolved": "https://registry.npmjs.org/yargs/-/yargs-1.3.3.tgz",
      "integrity": "sha1-BU3oth8i7v23IHBZ6u+da4P7kxo=",
      "dev": true
    },
    "yggdrasil": {
      "version": "0.1.0",
      "resolved": "https://registry.npmjs.org/yggdrasil/-/yggdrasil-0.1.0.tgz",
      "integrity": "sha1-s/bh7Jc8ljvNY29LFYUTfaFEfWk=",
      "dev": true,
      "requires": {
        "request": "~2.34.0",
        "uuid": "~1.4.1"
      },
      "dependencies": {
        "uuid": {
          "version": "1.4.2",
          "resolved": "https://registry.npmjs.org/uuid/-/uuid-1.4.2.tgz",
          "integrity": "sha1-RTAZ9oaWam34PNxSROfJkOzDMvw=",
          "dev": true
        }
      }
    }
  }
}
